
Microsoft Visual Studio Solution File, Format Version 12.00
# Visual Studio Version 17
VisualStudioVersion = 17.7.34221.43
MinimumVisualStudioVersion = 10.0.40219.1
Project("{F184B08F-C81C-45F6-A57F-5ABD9991F28F}") = "BCCI_WindowsForm", "BCCI_WindowsForm\BCCI_WindowsForm.vbproj", "{CF1D17DB-E88A-440D-9B54-214AFF0676E1}"
EndProject
Global
	GlobalSection(SolutionConfigurationPlatforms) = preSolution
		Debug|Any CPU = Debug|Any CPU
		Release|Any CPU = Release|Any CPU
	EndGlobalSection
	GlobalSection(ProjectConfigurationPlatforms) = postSolution
		{CF1D17DB-E88A-440D-9B54-214AFF0676E1}.Debug|Any CPU.ActiveCfg = Debug|Any CPU
		{CF1D17DB-E88A-440D-9B54-214AFF0676E1}.Debug|Any CPU.Build.0 = Debug|Any CPU
		{CF1D17DB-E88A-440D-9B54-214AFF0676E1}.Release|Any CPU.ActiveCfg = Release|Any CPU
		{CF1D17DB-E88A-440D-9B54-214AFF0676E1}.Release|Any CPU.Build.0 = Release|Any CPU
	EndGlobalSection
	GlobalSection(SolutionProperties) = preSolution
		HideSolutionNode = FALSE
	EndGlobalSection
	GlobalSection(ExtensibilityGlobals) = postSolution
		SolutionGuid = {EB37C778-FC66-4370-A15C-9FD1DC5E3847}
	EndGlobalSection
EndGlobal
